
Microsoft Visual Studio Solution File, Format Version 12.00
# Visual Studio 15
VisualStudioVersion = 15.0.28010.2016
MinimumVisualStudioVersion = 10.0.40219.1
Project("{FAE04EC0-301F-11D3-BF4B-00C04F79EFBC}") = "git1", "git1\git1.csproj", "{3E77280D-2DD7-4F5B-BC0E-FD437FDB57F8}"
EndProject
Global
	GlobalSection(SolutionConfigurationPlatforms) = preSolution
		Debug|Any CPU = Debug|Any CPU
		Release|Any CPU = Release|Any CPU
	EndGlobalSection
	GlobalSection(ProjectConfigurationPlatforms) = postSolution
		{3E77280D-2DD7-4F5B-BC0E-FD437FDB57F8}.Debug|Any CPU.ActiveCfg = Debug|Any CPU
		{3E77280D-2DD7-4F5B-BC0E-FD437FDB57F8}.Debug|Any CPU.Build.0 = Debug|Any CPU
		{3E77280D-2DD7-4F5B-BC0E-FD437FDB57F8}.Release|Any CPU.ActiveCfg = Release|Any CPU
		{3E77280D-2DD7-4F5B-BC0E-FD437FDB57F8}.Release|Any CPU.Build.0 = Release|Any CPU
	EndGlobalSection
	GlobalSection(SolutionProperties) = preSolution
		HideSolutionNode = FALSE
	EndGlobalSection
	GlobalSection(ExtensibilityGlobals) = postSolution
		SolutionGuid = {7F984CDB-FA9B-42F6-BE89-683EA6B0EAEC}
	EndGlobalSection
EndGlobal
